<?xml version="1.0" encoding="utf-8"?>
<Project ToolsVersion="4.0" xmlns="http://schemas.microsoft.com/developer/msbuild/2003">
  <ItemGroup>
    <Filter Include="Source Files">
      <UniqueIdentifier>{4FC737F1-C7A5-4376-A066-2A32D752A2FF}</UniqueIdentifier>
      <Extensions>cpp;c;cc;cxx;def;odl;idl;hpj;bat;asm;asmx</Extensions>
    </Filter>
    <Filter Include="Header Files">
      <UniqueIdentifier>{93995380-89BD-4b04-88EB-625FBE52EBFB}</UniqueIdentifier>
      <Extensions>h;hh;hpp;hxx;hm;inl;inc;xsd</Extensions>
    </Filter>
    <Filter Include="Resource Files">
      <UniqueIdentifier>{67DA6AB6-F800-4c08-8B7A-83BB121AAD01}</UniqueIdentifier>
      <Extensions>rc;ico;cur;bmp;dlg;rc2;rct;bin;rgs;gif;jpg;jpeg;jpe;resx;tiff;tif;png;wav;mfcribbon-ms</Extensions>
    </Filter>
    <Filter Include="Shaders">
      <UniqueIdentifier>{8b6c92a8-f65d-451e-80e3-d65773602b92}</UniqueIdentifier>
    </Filter>
    <Filter Include="Header Files\Scenes">
      <UniqueIdentifier>{95652c71-8069-4c65-a410-cdf2a28f51ad}</UniqueIdentifier>
    </Filter>
    <Filter Include="Header Files\Effects">
      <UniqueIdentifier>{3f6d6801-0401-44e1-b69e-3041867b4dfc}</UniqueIdentifier>
    </Filter>
    <Filter Include="Resource Files\MenuImages">
      <UniqueIdentifier>{8b089b08-6f47-4bfd-9dda-cd9d8ec470c7}</UniqueIdentifier>
    </Filter>
    <Filter Include="Resource Files\MenuImages\StartMenu">
      <UniqueIdentifier>{3a0c08fc-ef2c-433e-8d6b-3404abd5c1d7}</UniqueIdentifier>
    </Filter>
    <Filter Include="Header Files\Scenes\MenuScenes">
      <UniqueIdentifier>{7a4a7378-ab70-4ca3-b223-954b9b5d9985}</UniqueIdentifier>
    </Filter>
    <Filter Include="Resource Files\MenuImages\NaviTestMenu">
      <UniqueIdentifier>{a27d64f7-c557-4df6-a300-4f396cb17b8f}</UniqueIdentifier>
    </Filter>
    <Filter Include="Resource Files\MenuImages\DebuggingMenu">
      <UniqueIdentifier>{152ec9f8-a85e-46c6-98db-b2235b574c27}</UniqueIdentifier>
    </Filter>
    <Filter Include="Header Files\VertexOutputers">
      <UniqueIdentifier>{55f782eb-55bb-4fe7-8db9-66ddd5b70a28}</UniqueIdentifier>
    </Filter>
    <Filter Include="Resource Files\MenuImages\FontSheets">
      <UniqueIdentifier>{f1e7f435-2192-49a6-af5b-f13e58c1c2e4}</UniqueIdentifier>
    </Filter>
    <Filter Include="Header Files\ConsoleFont">
      <UniqueIdentifier>{c014faef-bba9-451f-8e92-d20b67c87655}</UniqueIdentifier>
    </Filter>
    <Filter Include="Header Files\Scenes\WorldScenes">
      <UniqueIdentifier>{ea796933-7eec-44e4-9e8d-af3ca666bd98}</UniqueIdentifier>
    </Filter>
    <Filter Include="Header Files\Entity">
      <UniqueIdentifier>{2568f8ff-56f7-41ea-9e9e-7d873b6e6c4c}</UniqueIdentifier>
    </Filter>
    <Filter Include="Resource Files\EntityTextures">
      <UniqueIdentifier>{49c858ca-23e9-405e-9733-ce9daa7d3b9d}</UniqueIdentifier>
    </Filter>
    <Filter Include="Header Files\AStarSearch">
      <UniqueIdentifier>{3cd01e47-590a-4d1f-ac09-6351f62d7130}</UniqueIdentifier>
    </Filter>
    <Filter Include="Header Files\Pipelines">
      <UniqueIdentifier>{2f8ab684-533e-4197-9b4e-6e6ac3806a22}</UniqueIdentifier>
    </Filter>
    <Filter Include="Header Files\Terrain">
      <UniqueIdentifier>{bd00a474-7e9e-465f-810e-ebe2d6f76c53}</UniqueIdentifier>
    </Filter>
    <Filter Include="Resource Files\HeightMaps">
      <UniqueIdentifier>{e4e46750-7a46-4773-89b6-29da3538bc4a}</UniqueIdentifier>
    </Filter>
    <Filter Include="Header Files\Entity\Turrets">
      <UniqueIdentifier>{81f9e87e-45b0-497b-bf5a-aff8755a2253}</UniqueIdentifier>
    </Filter>
    <Filter Include="Header Files\Entity\Projectile">
      <UniqueIdentifier>{22883ee1-a916-441f-9bab-3433be1767b5}</UniqueIdentifier>
    </Filter>
    <Filter Include="Header Files\Physics">
      <UniqueIdentifier>{f6b0b592-8ee1-4f6e-a0ee-538960166e8d}</UniqueIdentifier>
    </Filter>
    <Filter Include="Header Files\Entity\Enemies">
      <UniqueIdentifier>{831f2777-22b8-4fe1-a7b2-441743d84b7d}</UniqueIdentifier>
    </Filter>
  </ItemGroup>
  <ItemGroup>
    <ClInclude Include="ChiliWin.h">
      <Filter>Header Files</Filter>
    </ClInclude>
    <ClInclude Include="Colors.h">
      <Filter>Header Files</Filter>
    </ClInclude>
    <ClInclude Include="DXErr.h">
      <Filter>Header Files</Filter>
    </ClInclude>
    <ClInclude Include="Game.h">
      <Filter>Header Files</Filter>
    </ClInclude>
    <ClInclude Include="Graphics.h">
      <Filter>Header Files</Filter>
    </ClInclude>
    <ClInclude Include="Keyboard.h">
      <Filter>Header Files</Filter>
    </ClInclude>
    <ClInclude Include="MainWindow.h">
      <Filter>Header Files</Filter>
    </ClInclude>
    <ClInclude Include="Mouse.h">
      <Filter>Header Files</Filter>
    </ClInclude>
    <ClInclude Include="ChiliException.h">
      <Filter>Header Files</Filter>
    </ClInclude>
    <ClInclude Include="Resource.h">
      <Filter>Header Files</Filter>
    </ClInclude>
    <ClInclude Include="Sound.h">
      <Filter>Header Files</Filter>
    </ClInclude>
    <ClInclude Include="SoundEffect.h">
      <Filter>Header Files</Filter>
    </ClInclude>
    <ClInclude Include="COMInitializer.h">
      <Filter>Header Files</Filter>
    </ClInclude>
    <ClInclude Include="Vec2.h">
      <Filter>Header Files</Filter>
    </ClInclude>
    <ClInclude Include="Mat2.h">
      <Filter>Header Files</Filter>
    </ClInclude>
    <ClInclude Include="NDCTransformer.h">
      <Filter>Header Files</Filter>
    </ClInclude>
    <ClInclude Include="Vec3.h">
      <Filter>Header Files</Filter>
    </ClInclude>
    <ClInclude Include="MathStuff.h">
      <Filter>Header Files</Filter>
    </ClInclude>
    <ClInclude Include="Cube.h">
      <Filter>Header Files</Filter>
    </ClInclude>
    <ClInclude Include="IndexedLineList.h">
      <Filter>Header Files</Filter>
    </ClInclude>
    <ClInclude Include="Mat3.h">
      <Filter>Header Files</Filter>
    </ClInclude>
    <ClInclude Include="IndexedTriangleList.h">
      <Filter>Header Files</Filter>
    </ClInclude>
    <ClInclude Include="Surface.h">
      <Filter>Header Files</Filter>
    </ClInclude>
    <ClInclude Include="TextureVertex.h">
      <Filter>Header Files</Filter>
    </ClInclude>
    <ClInclude Include="Triangle.h">
      <Filter>Header Files</Filter>
    </ClInclude>
    <ClInclude Include="TextureEffect.h">
      <Filter>Header Files</Filter>
    </ClInclude>
    <ClInclude Include="ColorEffect.h">
      <Filter>Header Files</Filter>
    </ClInclude>
    <ClInclude Include="ZBuffer.h">
      <Filter>Header Files</Filter>
    </ClInclude>
    <ClInclude Include="DefaultVertexShader.h">
      <Filter>Header Files</Filter>
    </ClInclude>
    <ClInclude Include="Tessellate.h">
      <Filter>Header Files</Filter>
    </ClInclude>
    <ClInclude Include="TextureEffectPerPixel.h">
      <Filter>Header Files</Filter>
    </ClInclude>
    <ClInclude Include="MatTemplate.h">
      <Filter>Header Files</Filter>
    </ClInclude>
    <ClInclude Include="Vec4.h">
      <Filter>Header Files</Filter>
    </ClInclude>
    <ClInclude Include="TestScene.h">
      <Filter>Header Files\Scenes</Filter>
    </ClInclude>
    <ClInclude Include="SurfaceDirectionalLighting.h">
      <Filter>Header Files\Effects</Filter>
    </ClInclude>
    <ClInclude Include="Board.h">
      <Filter>Header Files</Filter>
    </ClInclude>
    <ClInclude Include="Scene.h">
      <Filter>Header Files\Scenes</Filter>
    </ClInclude>
    <ClInclude Include="Rect.h">
      <Filter>Header Files</Filter>
    </ClInclude>
    <ClInclude Include="MenuSceneParent.h">
      <Filter>Header Files\Scenes\MenuScenes</Filter>
    </ClInclude>
    <ClInclude Include="StartMenuScene.h">
      <Filter>Header Files\Scenes\MenuScenes</Filter>
    </ClInclude>
    <ClInclude Include="MenuNaviTestScene.h">
      <Filter>Header Files\Scenes\MenuScenes</Filter>
    </ClInclude>
    <ClInclude Include="DebuggingMenu.h">
      <Filter>Header Files\Scenes\MenuScenes</Filter>
    </ClInclude>
    <ClInclude Include="ConsoleScene.h">
      <Filter>Header Files\Scenes</Filter>
    </ClInclude>
    <ClInclude Include="TexCube.h">
      <Filter>Header Files\VertexOutputers</Filter>
    </ClInclude>
    <ClInclude Include="PlaneVertex.h">
      <Filter>Header Files\VertexOutputers</Filter>
    </ClInclude>
    <ClInclude Include="Console.h">
      <Filter>Header Files\ConsoleFont</Filter>
    </ClInclude>
    <ClInclude Include="Font.h">
      <Filter>Header Files\ConsoleFont</Filter>
    </ClInclude>
    <ClInclude Include="FontList.h">
      <Filter>Header Files\ConsoleFont</Filter>
    </ClInclude>
    <ClInclude Include="DebugWorld.h">
      <Filter>Header Files\Scenes\WorldScenes</Filter>
    </ClInclude>
    <ClInclude Include="Entity.h">
      <Filter>Header Files\Entity</Filter>
    </ClInclude>
    <ClInclude Include="EntityOne.h">
      <Filter>Header Files\Entity</Filter>
    </ClInclude>
    <ClInclude Include="EntityHandler.h">
      <Filter>Header Files\Entity</Filter>
    </ClInclude>
    <ClInclude Include="NodeAStar.h">
      <Filter>Header Files\AStarSearch</Filter>
    </ClInclude>
    <ClInclude Include="GridAStar.h">
      <Filter>Header Files\AStarSearch</Filter>
    </ClInclude>
    <ClInclude Include="Pipeline.h">
      <Filter>Header Files\Pipelines</Filter>
    </ClInclude>
    <ClInclude Include="WireframePipeline.h">
      <Filter>Header Files\Pipelines</Filter>
    </ClInclude>
    <ClInclude Include="Pathfinding.h">
      <Filter>Header Files\AStarSearch</Filter>
    </ClInclude>
    <ClInclude Include="HeightMap.h">
      <Filter>Header Files\Terrain</Filter>
    </ClInclude>
    <ClInclude Include="Terrain.h">
      <Filter>Header Files\Terrain</Filter>
    </ClInclude>
    <ClInclude Include="TerrainWithPath.h">
      <Filter>Header Files\Terrain</Filter>
    </ClInclude>
    <ClInclude Include="TurretParent.h">
      <Filter>Header Files\Entity\Turrets</Filter>
    </ClInclude>
    <ClInclude Include="TurretOne.h">
      <Filter>Header Files\Entity\Turrets</Filter>
    </ClInclude>
    <ClInclude Include="ProjectileParent.h">
      <Filter>Header Files\Entity\Projectile</Filter>
    </ClInclude>
    <ClInclude Include="ProjectileOne.h">
      <Filter>Header Files\Entity\Projectile</Filter>
    </ClInclude>
    <ClInclude Include="Physics.h">
      <Filter>Header Files\Physics</Filter>
    </ClInclude>
    <ClInclude Include="ProjectileTwo.h">
      <Filter>Header Files\Entity\Projectile</Filter>
    </ClInclude>
    <ClInclude Include="ProjectileThree.h">
      <Filter>Header Files\Entity\Projectile</Filter>
    </ClInclude>
    <ClInclude Include="EnemyParent.h">
      <Filter>Header Files\Entity\Enemies</Filter>
    </ClInclude>
    <ClInclude Include="EnemyOne.h">
      <Filter>Header Files\Entity\Enemies</Filter>
    </ClInclude>
    <ClInclude Include="TurretTwo.h">
      <Filter>Header Files\Entity\Turrets</Filter>
    </ClInclude>
    <ClInclude Include="TurretThree.h">
      <Filter>Header Files\Entity\Turrets</Filter>
    </ClInclude>
    <ClInclude Include="ProjectileCatalogue.h">
      <Filter>Header Files\Entity\Projectile</Filter>
    </ClInclude>
    <ClInclude Include="Collision.h">
      <Filter>Header Files\Physics</Filter>
    </ClInclude>
  </ItemGroup>
  <ItemGroup>
    <ClCompile Include="DXErr.cpp">
      <Filter>Source Files</Filter>
    </ClCompile>
    <ClCompile Include="Game.cpp">
      <Filter>Source Files</Filter>
    </ClCompile>
    <ClCompile Include="Graphics.cpp">
      <Filter>Source Files</Filter>
    </ClCompile>
    <ClCompile Include="Keyboard.cpp">
      <Filter>Source Files</Filter>
    </ClCompile>
    <ClCompile Include="Main.cpp">
      <Filter>Source Files</Filter>
    </ClCompile>
    <ClCompile Include="MainWindow.cpp">
      <Filter>Source Files</Filter>
    </ClCompile>
    <ClCompile Include="Mouse.cpp">
      <Filter>Source Files</Filter>
    </ClCompile>
    <ClCompile Include="Sound.cpp">
      <Filter>Source Files</Filter>
    </ClCompile>
    <ClCompile Include="COMInitializer.cpp">
      <Filter>Source Files</Filter>
    </ClCompile>
    <ClCompile Include="Surface.cpp">
      <Filter>Source Files</Filter>
    </ClCompile>
  </ItemGroup>
  <ItemGroup>
    <FxCompile Include="FramebufferPS.hlsl">
      <Filter>Shaders</Filter>
    </FxCompile>
    <FxCompile Include="FramebufferVS.hlsl">
      <Filter>Shaders</Filter>
    </FxCompile>
  </ItemGroup>
  <ItemGroup>
    <ResourceCompile Include="Resource.rc">
      <Filter>Resource Files</Filter>
    </ResourceCompile>
  </ItemGroup>
  <ItemGroup>
    <Image Include="Chili.ico">
      <Filter>Resource Files</Filter>
    </Image>
    <Image Include="..\..\..\..\Downloads\test.bmp">
      <Filter>Resource Files</Filter>
    </Image>
    <Image Include="..\..\..\Memes\pikachumeme.bmp">
      <Filter>Resource Files</Filter>
    </Image>
    <Image Include="..\..\..\Memes\waterimage.bmp">
      <Filter>Resource Files</Filter>
    </Image>
    <Image Include="..\..\..\Memes\blackimage.bmp">
      <Filter>Resource Files</Filter>
    </Image>
    <Image Include="..\..\..\Memes\greenimage.bmp">
      <Filter>Resource Files</Filter>
    </Image>
    <Image Include="..\..\..\Memes\whiteimage.bmp">
      <Filter>Resource Files</Filter>
    </Image>
    <Image Include="..\..\..\Memes\sandimage.bmp">
      <Filter>Resource Files</Filter>
    </Image>
    <Image Include="..\..\..\Memes\checkered.bmp">
      <Filter>Resource Files</Filter>
    </Image>
    <Image Include="..\..\..\Memes\silverimage.bmp">
      <Filter>Resource Files</Filter>
    </Image>
    <Image Include="..\..\..\Memes\postgrassblock.bmp">
      <Filter>Resource Files</Filter>
    </Image>
    <Image Include="..\..\..\Memes\makeshiftboardtile.bmp">
      <Filter>Resource Files</Filter>
    </Image>
    <Image Include="..\..\..\Memes\startmenutest5.bmp">
      <Filter>Resource Files\MenuImages\StartMenu</Filter>
    </Image>
    <Image Include="..\..\..\Memes\startmenutest6.bmp">
      <Filter>Resource Files\MenuImages\StartMenu</Filter>
    </Image>
    <Image Include="..\..\..\Memes\startmenutest7.bmp">
      <Filter>Resource Files\MenuImages\StartMenu</Filter>
    </Image>
    <Image Include="..\..\..\Memes\startmenutest4.bmp">
      <Filter>Resource Files\MenuImages\StartMenu</Filter>
    </Image>
    <Image Include="..\..\..\Memes\startmenutest3.bmp">
      <Filter>Resource Files\MenuImages\StartMenu</Filter>
    </Image>
    <Image Include="..\..\..\Memes\startmenutest1.bmp">
      <Filter>Resource Files\MenuImages\StartMenu</Filter>
    </Image>
    <Image Include="..\..\..\Memes\startmenutest2.bmp">
      <Filter>Resource Files\MenuImages\StartMenu</Filter>
    </Image>
    <Image Include="..\..\..\Memes\menunavi1.bmp">
      <Filter>Resource Files\MenuImages\NaviTestMenu</Filter>
    </Image>
    <Image Include="..\..\..\Memes\menunavi2.bmp">
      <Filter>Resource Files\MenuImages\NaviTestMenu</Filter>
    </Image>
    <Image Include="..\..\..\Memes\debuggingMenu2.bmp">
      <Filter>Resource Files\MenuImages\DebuggingMenu</Filter>
    </Image>
    <Image Include="..\..\..\Memes\debuggingMenu1.bmp">
      <Filter>Resource Files\MenuImages\DebuggingMenu</Filter>
    </Image>
    <Image Include="..\..\..\Memes\parchmentpaper.bmp">
      <Filter>Resource Files</Filter>
    </Image>
    <Image Include="..\..\..\Memes\fontsheet3.bmp">
      <Filter>Resource Files\MenuImages\FontSheets</Filter>
    </Image>
    <Image Include="..\..\..\Memes\fontsheet4.bmp">
      <Filter>Resource Files\MenuImages\FontSheets</Filter>
    </Image>
    <Image Include="..\..\..\Memes\fontsheet5.bmp">
      <Filter>Resource Files\MenuImages\FontSheets</Filter>
    </Image>
    <Image Include="..\..\..\Memes\fontsheet6.bmp">
      <Filter>Resource Files\MenuImages\FontSheets</Filter>
    </Image>
    <Image Include="..\..\..\Memes\fontsheet7.bmp">
      <Filter>Resource Files\MenuImages\FontSheets</Filter>
    </Image>
    <Image Include="..\..\..\Memes\entitytextureone.bmp">
      <Filter>Resource Files\EntityTextures</Filter>
    </Image>
    <Image Include="..\..\..\Memes\heightmap1.bmp">
      <Filter>Resource Files\HeightMaps</Filter>
    </Image>
    <Image Include="..\..\..\Memes\heightmap2.bmp">
      <Filter>Resource Files\HeightMaps</Filter>
    </Image>
    <Image Include="..\..\..\Memes\sandimage2.bmp">
      <Filter>Resource Files</Filter>
    </Image>
    <Image Include="..\..\..\Memes\heightmap3.bmp">
      <Filter>Resource Files\HeightMaps</Filter>
    </Image>
    <Image Include="..\..\..\Memes\coastalHeightmap.bmp">
      <Filter>Resource Files\HeightMaps</Filter>
    </Image>
  </ItemGroup>
</Project>